{
  "lockFileVersion": 26,
  "registryFileHashes": {},
  "selectedYankedVersions": {},
  "moduleExtensions": {
    "//cc:extensions.bzl%compatibility_proxy": {
      "general": {
        "bzlTransitiveDigest": "sha256-paDx7Xl9dOclbuBQsHmF7pLOiXGY+UF7PUkEN6Eub1E=",
        "usagesDigest": "sha256-Vs5MBW3jZzR+Q6ZqnzFiiDW17MA69U5u7rgJyo5KBDg=",
        "recordedInputs": [],
        "generatedRepoSpecs": {
          "cc_compatibility_proxy": {
            "repoRuleId": "rules_cc//cc/extensions.bzl%_compatibility_proxy_repo_rule",
            "attributes": {}
          }
        }
      }
    }
  },
  "facts": {}
}